
Microsoft Visual Studio Solution File, Format Version 12.00
# Visual Studio Version 17
VisualStudioVersion = 17.3.32811.315
MinimumVisualStudioVersion = 10.0.40219.1
Project("{FAE04EC0-301F-11D3-BF4B-00C04F79EFBC}") = "UTCN_ProjectsWebApp", "UTCN_ProjectsWebApp.csproj", "{A2CA6DD5-27F1-4F97-8ED2-FD9A20580D09}"
EndProject
Global
	GlobalSection(SolutionConfigurationPlatforms) = preSolution
		Debug|Any CPU = Debug|Any CPU
		Release|Any CPU = Release|Any CPU
	EndGlobalSection
	GlobalSection(ProjectConfigurationPlatforms) = postSolution
		{A2CA6DD5-27F1-4F97-8ED2-FD9A20580D09}.Debug|Any CPU.ActiveCfg = Debug|Any CPU
		{A2CA6DD5-27F1-4F97-8ED2-FD9A20580D09}.Debug|Any CPU.Build.0 = Debug|Any CPU
		{A2CA6DD5-27F1-4F97-8ED2-FD9A20580D09}.Release|Any CPU.ActiveCfg = Release|Any CPU
		{A2CA6DD5-27F1-4F97-8ED2-FD9A20580D09}.Release|Any CPU.Build.0 = Release|Any CPU
	EndGlobalSection
	GlobalSection(SolutionProperties) = preSolution
		HideSolutionNode = FALSE
	EndGlobalSection
	GlobalSection(ExtensibilityGlobals) = postSolution
		SolutionGuid = {8805E594-8796-47BF-B700-AF3F8540031A}
	EndGlobalSection
EndGlobal
